
Microsoft Visual Studio Solution File, Format Version 11.00
# Visual Studio 2010
Project("{FAE04EC0-301F-11D3-BF4B-00C04F79EFBC}") = "Hellevator.Audio", "Hellevator.Audio\Hellevator.Audio.csproj", "{D04EB422-BB14-4593-BBB1-D1A9D14D686C}"
EndProject
Project("{FAE04EC0-301F-11D3-BF4B-00C04F79EFBC}") = "Hellevator.Behavior", "Hellevator.Behavior\Hellevator.Behavior.csproj", "{DB06941B-7A5D-4E31-8585-DB5255DBC0DC}"
EndProject
Project("{FAE04EC0-301F-11D3-BF4B-00C04F79EFBC}") = "Hellevator.Physical", "Hellevator.Physical\Hellevator.Physical.csproj", "{0AAB6B1C-1F4E-490C-821A-83F08C6862A8}"
EndProject
Global
	GlobalSection(SolutionConfigurationPlatforms) = preSolution
		AudioBoard|Any CPU = AudioBoard|Any CPU
		AudioBoard|Mixed Platforms = AudioBoard|Mixed Platforms
		AudioBoard|x86 = AudioBoard|x86
		Debug|Any CPU = Debug|Any CPU
		Debug|Mixed Platforms = Debug|Mixed Platforms
		Debug|x86 = Debug|x86
		MainBoard|Any CPU = MainBoard|Any CPU
		MainBoard|Mixed Platforms = MainBoard|Mixed Platforms
		MainBoard|x86 = MainBoard|x86
		Release|Any CPU = Release|Any CPU
		Release|Mixed Platforms = Release|Mixed Platforms
		Release|x86 = Release|x86
		Simulator|Any CPU = Simulator|Any CPU
		Simulator|Mixed Platforms = Simulator|Mixed Platforms
		Simulator|x86 = Simulator|x86
	EndGlobalSection
	GlobalSection(ProjectConfigurationPlatforms) = postSolution
		{D04EB422-BB14-4593-BBB1-D1A9D14D686C}.AudioBoard|Any CPU.ActiveCfg = AudioBoard|Any CPU
		{D04EB422-BB14-4593-BBB1-D1A9D14D686C}.AudioBoard|Any CPU.Build.0 = AudioBoard|Any CPU
		{D04EB422-BB14-4593-BBB1-D1A9D14D686C}.AudioBoard|Any CPU.Deploy.0 = AudioBoard|Any CPU
		{D04EB422-BB14-4593-BBB1-D1A9D14D686C}.AudioBoard|Mixed Platforms.ActiveCfg = AudioBoard|Any CPU
		{D04EB422-BB14-4593-BBB1-D1A9D14D686C}.AudioBoard|Mixed Platforms.Build.0 = AudioBoard|Any CPU
		{D04EB422-BB14-4593-BBB1-D1A9D14D686C}.AudioBoard|Mixed Platforms.Deploy.0 = AudioBoard|Any CPU
		{D04EB422-BB14-4593-BBB1-D1A9D14D686C}.AudioBoard|x86.ActiveCfg = AudioBoard|Any CPU
		{D04EB422-BB14-4593-BBB1-D1A9D14D686C}.Debug|Any CPU.ActiveCfg = Debug|Any CPU
		{D04EB422-BB14-4593-BBB1-D1A9D14D686C}.Debug|Any CPU.Build.0 = Debug|Any CPU
		{D04EB422-BB14-4593-BBB1-D1A9D14D686C}.Debug|Any CPU.Deploy.0 = Debug|Any CPU
		{D04EB422-BB14-4593-BBB1-D1A9D14D686C}.Debug|Mixed Platforms.ActiveCfg = Debug|Any CPU
		{D04EB422-BB14-4593-BBB1-D1A9D14D686C}.Debug|Mixed Platforms.Build.0 = Debug|Any CPU
		{D04EB422-BB14-4593-BBB1-D1A9D14D686C}.Debug|Mixed Platforms.Deploy.0 = Debug|Any CPU
		{D04EB422-BB14-4593-BBB1-D1A9D14D686C}.Debug|x86.ActiveCfg = Debug|Any CPU
		{D04EB422-BB14-4593-BBB1-D1A9D14D686C}.MainBoard|Any CPU.ActiveCfg = MainBoard|Any CPU
		{D04EB422-BB14-4593-BBB1-D1A9D14D686C}.MainBoard|Any CPU.Build.0 = MainBoard|Any CPU
		{D04EB422-BB14-4593-BBB1-D1A9D14D686C}.MainBoard|Any CPU.Deploy.0 = MainBoard|Any CPU
		{D04EB422-BB14-4593-BBB1-D1A9D14D686C}.MainBoard|Mixed Platforms.ActiveCfg = MainBoard|Any CPU
		{D04EB422-BB14-4593-BBB1-D1A9D14D686C}.MainBoard|x86.ActiveCfg = MainBoard|Any CPU
		{D04EB422-BB14-4593-BBB1-D1A9D14D686C}.Release|Any CPU.ActiveCfg = Release|Any CPU
		{D04EB422-BB14-4593-BBB1-D1A9D14D686C}.Release|Any CPU.Build.0 = Release|Any CPU
		{D04EB422-BB14-4593-BBB1-D1A9D14D686C}.Release|Any CPU.Deploy.0 = Release|Any CPU
		{D04EB422-BB14-4593-BBB1-D1A9D14D686C}.Release|Mixed Platforms.ActiveCfg = Release|Any CPU
		{D04EB422-BB14-4593-BBB1-D1A9D14D686C}.Release|Mixed Platforms.Build.0 = Release|Any CPU
		{D04EB422-BB14-4593-BBB1-D1A9D14D686C}.Release|Mixed Platforms.Deploy.0 = Release|Any CPU
		{D04EB422-BB14-4593-BBB1-D1A9D14D686C}.Release|x86.ActiveCfg = Release|Any CPU
		{D04EB422-BB14-4593-BBB1-D1A9D14D686C}.Simulator|Any CPU.ActiveCfg = Release|Any CPU
		{D04EB422-BB14-4593-BBB1-D1A9D14D686C}.Simulator|Any CPU.Build.0 = Release|Any CPU
		{D04EB422-BB14-4593-BBB1-D1A9D14D686C}.Simulator|Any CPU.Deploy.0 = Release|Any CPU
		{D04EB422-BB14-4593-BBB1-D1A9D14D686C}.Simulator|Mixed Platforms.ActiveCfg = Release|Any CPU
		{D04EB422-BB14-4593-BBB1-D1A9D14D686C}.Simulator|Mixed Platforms.Build.0 = Release|Any CPU
		{D04EB422-BB14-4593-BBB1-D1A9D14D686C}.Simulator|Mixed Platforms.Deploy.0 = Release|Any CPU
		{D04EB422-BB14-4593-BBB1-D1A9D14D686C}.Simulator|x86.ActiveCfg = Release|Any CPU
		{DB06941B-7A5D-4E31-8585-DB5255DBC0DC}.AudioBoard|Any CPU.ActiveCfg = AudioBoard|Any CPU
		{DB06941B-7A5D-4E31-8585-DB5255DBC0DC}.AudioBoard|Any CPU.Build.0 = AudioBoard|Any CPU
		{DB06941B-7A5D-4E31-8585-DB5255DBC0DC}.AudioBoard|Mixed Platforms.ActiveCfg = AudioBoard|Any CPU
		{DB06941B-7A5D-4E31-8585-DB5255DBC0DC}.AudioBoard|Mixed Platforms.Build.0 = AudioBoard|Any CPU
		{DB06941B-7A5D-4E31-8585-DB5255DBC0DC}.AudioBoard|x86.ActiveCfg = AudioBoard|Any CPU
		{DB06941B-7A5D-4E31-8585-DB5255DBC0DC}.Debug|Any CPU.ActiveCfg = Debug|Any CPU
		{DB06941B-7A5D-4E31-8585-DB5255DBC0DC}.Debug|Any CPU.Build.0 = Debug|Any CPU
		{DB06941B-7A5D-4E31-8585-DB5255DBC0DC}.Debug|Mixed Platforms.ActiveCfg = Debug|Any CPU
		{DB06941B-7A5D-4E31-8585-DB5255DBC0DC}.Debug|Mixed Platforms.Build.0 = Debug|Any CPU
		{DB06941B-7A5D-4E31-8585-DB5255DBC0DC}.Debug|x86.ActiveCfg = Debug|Any CPU
		{DB06941B-7A5D-4E31-8585-DB5255DBC0DC}.MainBoard|Any CPU.ActiveCfg = MainBoard|Any CPU
		{DB06941B-7A5D-4E31-8585-DB5255DBC0DC}.MainBoard|Any CPU.Build.0 = MainBoard|Any CPU
		{DB06941B-7A5D-4E31-8585-DB5255DBC0DC}.MainBoard|Mixed Platforms.ActiveCfg = MainBoard|Any CPU
		{DB06941B-7A5D-4E31-8585-DB5255DBC0DC}.MainBoard|Mixed Platforms.Build.0 = MainBoard|Any CPU
		{DB06941B-7A5D-4E31-8585-DB5255DBC0DC}.MainBoard|x86.ActiveCfg = MainBoard|Any CPU
		{DB06941B-7A5D-4E31-8585-DB5255DBC0DC}.Release|Any CPU.ActiveCfg = Release|Any CPU
		{DB06941B-7A5D-4E31-8585-DB5255DBC0DC}.Release|Any CPU.Build.0 = Release|Any CPU
		{DB06941B-7A5D-4E31-8585-DB5255DBC0DC}.Release|Mixed Platforms.ActiveCfg = Release|Any CPU
		{DB06941B-7A5D-4E31-8585-DB5255DBC0DC}.Release|Mixed Platforms.Build.0 = Release|Any CPU
		{DB06941B-7A5D-4E31-8585-DB5255DBC0DC}.Release|x86.ActiveCfg = Release|Any CPU
		{DB06941B-7A5D-4E31-8585-DB5255DBC0DC}.Simulator|Any CPU.ActiveCfg = AudioBoard|Any CPU
		{DB06941B-7A5D-4E31-8585-DB5255DBC0DC}.Simulator|Any CPU.Build.0 = AudioBoard|Any CPU
		{DB06941B-7A5D-4E31-8585-DB5255DBC0DC}.Simulator|Mixed Platforms.ActiveCfg = AudioBoard|Any CPU
		{DB06941B-7A5D-4E31-8585-DB5255DBC0DC}.Simulator|Mixed Platforms.Build.0 = AudioBoard|Any CPU
		{DB06941B-7A5D-4E31-8585-DB5255DBC0DC}.Simulator|x86.ActiveCfg = AudioBoard|Any CPU
		{0AAB6B1C-1F4E-490C-821A-83F08C6862A8}.AudioBoard|Any CPU.ActiveCfg = AudioBoard|Any CPU
		{0AAB6B1C-1F4E-490C-821A-83F08C6862A8}.AudioBoard|Any CPU.Build.0 = AudioBoard|Any CPU
		{0AAB6B1C-1F4E-490C-821A-83F08C6862A8}.AudioBoard|Any CPU.Deploy.0 = AudioBoard|Any CPU
		{0AAB6B1C-1F4E-490C-821A-83F08C6862A8}.AudioBoard|Mixed Platforms.ActiveCfg = AudioBoard|Any CPU
		{0AAB6B1C-1F4E-490C-821A-83F08C6862A8}.AudioBoard|Mixed Platforms.Build.0 = AudioBoard|Any CPU
		{0AAB6B1C-1F4E-490C-821A-83F08C6862A8}.AudioBoard|Mixed Platforms.Deploy.0 = AudioBoard|Any CPU
		{0AAB6B1C-1F4E-490C-821A-83F08C6862A8}.AudioBoard|x86.ActiveCfg = AudioBoard|Any CPU
		{0AAB6B1C-1F4E-490C-821A-83F08C6862A8}.Debug|Any CPU.ActiveCfg = Debug|Any CPU
		{0AAB6B1C-1F4E-490C-821A-83F08C6862A8}.Debug|Any CPU.Build.0 = Debug|Any CPU
		{0AAB6B1C-1F4E-490C-821A-83F08C6862A8}.Debug|Any CPU.Deploy.0 = Debug|Any CPU
		{0AAB6B1C-1F4E-490C-821A-83F08C6862A8}.Debug|Mixed Platforms.ActiveCfg = Debug|Any CPU
		{0AAB6B1C-1F4E-490C-821A-83F08C6862A8}.Debug|Mixed Platforms.Build.0 = Debug|Any CPU
		{0AAB6B1C-1F4E-490C-821A-83F08C6862A8}.Debug|Mixed Platforms.Deploy.0 = Debug|Any CPU
		{0AAB6B1C-1F4E-490C-821A-83F08C6862A8}.Debug|x86.ActiveCfg = Debug|Any CPU
		{0AAB6B1C-1F4E-490C-821A-83F08C6862A8}.MainBoard|Any CPU.ActiveCfg = MainBoard|Any CPU
		{0AAB6B1C-1F4E-490C-821A-83F08C6862A8}.MainBoard|Any CPU.Build.0 = MainBoard|Any CPU
		{0AAB6B1C-1F4E-490C-821A-83F08C6862A8}.MainBoard|Any CPU.Deploy.0 = MainBoard|Any CPU
		{0AAB6B1C-1F4E-490C-821A-83F08C6862A8}.MainBoard|Mixed Platforms.ActiveCfg = MainBoard|Any CPU
		{0AAB6B1C-1F4E-490C-821A-83F08C6862A8}.MainBoard|Mixed Platforms.Build.0 = MainBoard|Any CPU
		{0AAB6B1C-1F4E-490C-821A-83F08C6862A8}.MainBoard|Mixed Platforms.Deploy.0 = MainBoard|Any CPU
		{0AAB6B1C-1F4E-490C-821A-83F08C6862A8}.MainBoard|x86.ActiveCfg = MainBoard|Any CPU
		{0AAB6B1C-1F4E-490C-821A-83F08C6862A8}.Release|Any CPU.ActiveCfg = Release|Any CPU
		{0AAB6B1C-1F4E-490C-821A-83F08C6862A8}.Release|Any CPU.Build.0 = Release|Any CPU
		{0AAB6B1C-1F4E-490C-821A-83F08C6862A8}.Release|Any CPU.Deploy.0 = Release|Any CPU
		{0AAB6B1C-1F4E-490C-821A-83F08C6862A8}.Release|Mixed Platforms.ActiveCfg = Release|Any CPU
		{0AAB6B1C-1F4E-490C-821A-83F08C6862A8}.Release|Mixed Platforms.Build.0 = Release|Any CPU
		{0AAB6B1C-1F4E-490C-821A-83F08C6862A8}.Release|Mixed Platforms.Deploy.0 = Release|Any CPU
		{0AAB6B1C-1F4E-490C-821A-83F08C6862A8}.Release|x86.ActiveCfg = Release|Any CPU
		{0AAB6B1C-1F4E-490C-821A-83F08C6862A8}.Simulator|Any CPU.ActiveCfg = AudioBoard|Any CPU
		{0AAB6B1C-1F4E-490C-821A-83F08C6862A8}.Simulator|Any CPU.Build.0 = AudioBoard|Any CPU
		{0AAB6B1C-1F4E-490C-821A-83F08C6862A8}.Simulator|Any CPU.Deploy.0 = AudioBoard|Any CPU
		{0AAB6B1C-1F4E-490C-821A-83F08C6862A8}.Simulator|Mixed Platforms.ActiveCfg = AudioBoard|Any CPU
		{0AAB6B1C-1F4E-490C-821A-83F08C6862A8}.Simulator|Mixed Platforms.Build.0 = AudioBoard|Any CPU
		{0AAB6B1C-1F4E-490C-821A-83F08C6862A8}.Simulator|Mixed Platforms.Deploy.0 = AudioBoard|Any CPU
		{0AAB6B1C-1F4E-490C-821A-83F08C6862A8}.Simulator|x86.ActiveCfg = AudioBoard|Any CPU
	EndGlobalSection
	GlobalSection(SolutionProperties) = preSolution
		HideSolutionNode = FALSE
	EndGlobalSection
EndGlobal
