
Microsoft Visual Studio Solution File, Format Version 11.00
# Visual Studio 2010
Project("{FAE04EC0-301F-11D3-BF4B-00C04F79EFBC}") = "Hellevator.Behavior", "Hellevator.Behavior\Hellevator.Behavior.csproj", "{DB06941B-7A5D-4E31-8585-DB5255DBC0DC}"
EndProject
Project("{FAE04EC0-301F-11D3-BF4B-00C04F79EFBC}") = "Hellevator.Physical", "Hellevator.Physical\Hellevator.Physical.csproj", "{0AAB6B1C-1F4E-490C-821A-83F08C6862A8}"
EndProject
Project("{FAE04EC0-301F-11D3-BF4B-00C04F79EFBC}") = "Hellevator.Simulator", "Hellevator.Simulator\Hellevator.Simulator.csproj", "{D323F44A-A4C6-4EF1-97FA-3C10CD677A60}"
EndProject
Project("{54435603-DBB4-11D2-8724-00A0C9A8B90C}") = "SimulatorInstaller", "Installer\Installer.vdproj", "{B7A93CCB-123F-4A52-A9E4-98C0E9DD2F0F}"
EndProject
Project("{FAE04EC0-301F-11D3-BF4B-00C04F79EFBC}") = "Hellevator.Audio", "Hellevator.Audio\Hellevator.Audio.csproj", "{D04EB422-BB14-4593-BBB1-D1A9D14D686C}"
EndProject
Global
	GlobalSection(SolutionConfigurationPlatforms) = preSolution
		AudioBoard|Any CPU = AudioBoard|Any CPU
		AudioBoard|Mixed Platforms = AudioBoard|Mixed Platforms
		AudioBoard|x86 = AudioBoard|x86
		MainBoard|Any CPU = MainBoard|Any CPU
		MainBoard|Mixed Platforms = MainBoard|Mixed Platforms
		MainBoard|x86 = MainBoard|x86
		Simulator|Any CPU = Simulator|Any CPU
		Simulator|Mixed Platforms = Simulator|Mixed Platforms
		Simulator|x86 = Simulator|x86
	EndGlobalSection
	GlobalSection(ProjectConfigurationPlatforms) = postSolution
		{DB06941B-7A5D-4E31-8585-DB5255DBC0DC}.AudioBoard|Any CPU.ActiveCfg = AudioBoard|Any CPU
		{DB06941B-7A5D-4E31-8585-DB5255DBC0DC}.AudioBoard|Any CPU.Build.0 = AudioBoard|Any CPU
		{DB06941B-7A5D-4E31-8585-DB5255DBC0DC}.AudioBoard|Mixed Platforms.ActiveCfg = AudioBoard|Any CPU
		{DB06941B-7A5D-4E31-8585-DB5255DBC0DC}.AudioBoard|Mixed Platforms.Build.0 = AudioBoard|Any CPU
		{DB06941B-7A5D-4E31-8585-DB5255DBC0DC}.AudioBoard|x86.ActiveCfg = AudioBoard|Any CPU
		{DB06941B-7A5D-4E31-8585-DB5255DBC0DC}.MainBoard|Any CPU.ActiveCfg = MainBoard|Any CPU
		{DB06941B-7A5D-4E31-8585-DB5255DBC0DC}.MainBoard|Any CPU.Build.0 = MainBoard|Any CPU
		{DB06941B-7A5D-4E31-8585-DB5255DBC0DC}.MainBoard|Mixed Platforms.ActiveCfg = MainBoard|Any CPU
		{DB06941B-7A5D-4E31-8585-DB5255DBC0DC}.MainBoard|Mixed Platforms.Build.0 = MainBoard|Any CPU
		{DB06941B-7A5D-4E31-8585-DB5255DBC0DC}.MainBoard|x86.ActiveCfg = MainBoard|Any CPU
		{DB06941B-7A5D-4E31-8585-DB5255DBC0DC}.Simulator|Any CPU.ActiveCfg = Debug|Any CPU
		{DB06941B-7A5D-4E31-8585-DB5255DBC0DC}.Simulator|Any CPU.Build.0 = Debug|Any CPU
		{DB06941B-7A5D-4E31-8585-DB5255DBC0DC}.Simulator|Mixed Platforms.ActiveCfg = Debug|Any CPU
		{DB06941B-7A5D-4E31-8585-DB5255DBC0DC}.Simulator|Mixed Platforms.Build.0 = Debug|Any CPU
		{DB06941B-7A5D-4E31-8585-DB5255DBC0DC}.Simulator|x86.ActiveCfg = Debug|Any CPU
		{0AAB6B1C-1F4E-490C-821A-83F08C6862A8}.AudioBoard|Any CPU.ActiveCfg = AudioBoard|Any CPU
		{0AAB6B1C-1F4E-490C-821A-83F08C6862A8}.AudioBoard|Any CPU.Build.0 = AudioBoard|Any CPU
		{0AAB6B1C-1F4E-490C-821A-83F08C6862A8}.AudioBoard|Any CPU.Deploy.0 = AudioBoard|Any CPU
		{0AAB6B1C-1F4E-490C-821A-83F08C6862A8}.AudioBoard|Mixed Platforms.ActiveCfg = AudioBoard|Any CPU
		{0AAB6B1C-1F4E-490C-821A-83F08C6862A8}.AudioBoard|x86.ActiveCfg = AudioBoard|Any CPU
		{0AAB6B1C-1F4E-490C-821A-83F08C6862A8}.MainBoard|Any CPU.ActiveCfg = MainBoard|Any CPU
		{0AAB6B1C-1F4E-490C-821A-83F08C6862A8}.MainBoard|Any CPU.Build.0 = MainBoard|Any CPU
		{0AAB6B1C-1F4E-490C-821A-83F08C6862A8}.MainBoard|Any CPU.Deploy.0 = MainBoard|Any CPU
		{0AAB6B1C-1F4E-490C-821A-83F08C6862A8}.MainBoard|Mixed Platforms.ActiveCfg = MainBoard|Any CPU
		{0AAB6B1C-1F4E-490C-821A-83F08C6862A8}.MainBoard|Mixed Platforms.Build.0 = MainBoard|Any CPU
		{0AAB6B1C-1F4E-490C-821A-83F08C6862A8}.MainBoard|Mixed Platforms.Deploy.0 = MainBoard|Any CPU
		{0AAB6B1C-1F4E-490C-821A-83F08C6862A8}.MainBoard|x86.ActiveCfg = MainBoard|Any CPU
		{0AAB6B1C-1F4E-490C-821A-83F08C6862A8}.Simulator|Any CPU.ActiveCfg = Debug|Any CPU
		{0AAB6B1C-1F4E-490C-821A-83F08C6862A8}.Simulator|Any CPU.Build.0 = Debug|Any CPU
		{0AAB6B1C-1F4E-490C-821A-83F08C6862A8}.Simulator|Any CPU.Deploy.0 = Debug|Any CPU
		{0AAB6B1C-1F4E-490C-821A-83F08C6862A8}.Simulator|Mixed Platforms.ActiveCfg = Debug|Any CPU
		{0AAB6B1C-1F4E-490C-821A-83F08C6862A8}.Simulator|x86.ActiveCfg = Debug|Any CPU
		{D323F44A-A4C6-4EF1-97FA-3C10CD677A60}.AudioBoard|Any CPU.ActiveCfg = AudioBoard|x86
		{D323F44A-A4C6-4EF1-97FA-3C10CD677A60}.AudioBoard|Mixed Platforms.ActiveCfg = AudioBoard|x86
		{D323F44A-A4C6-4EF1-97FA-3C10CD677A60}.AudioBoard|x86.ActiveCfg = AudioBoard|x86
		{D323F44A-A4C6-4EF1-97FA-3C10CD677A60}.AudioBoard|x86.Build.0 = AudioBoard|x86
		{D323F44A-A4C6-4EF1-97FA-3C10CD677A60}.MainBoard|Any CPU.ActiveCfg = MainBoard|x86
		{D323F44A-A4C6-4EF1-97FA-3C10CD677A60}.MainBoard|Mixed Platforms.ActiveCfg = MainBoard|x86
		{D323F44A-A4C6-4EF1-97FA-3C10CD677A60}.MainBoard|Mixed Platforms.Build.0 = MainBoard|x86
		{D323F44A-A4C6-4EF1-97FA-3C10CD677A60}.MainBoard|x86.ActiveCfg = MainBoard|x86
		{D323F44A-A4C6-4EF1-97FA-3C10CD677A60}.MainBoard|x86.Build.0 = MainBoard|x86
		{D323F44A-A4C6-4EF1-97FA-3C10CD677A60}.Simulator|Any CPU.ActiveCfg = Debug|x86
		{D323F44A-A4C6-4EF1-97FA-3C10CD677A60}.Simulator|Mixed Platforms.ActiveCfg = Debug|x86
		{D323F44A-A4C6-4EF1-97FA-3C10CD677A60}.Simulator|Mixed Platforms.Build.0 = Debug|x86
		{D323F44A-A4C6-4EF1-97FA-3C10CD677A60}.Simulator|x86.ActiveCfg = Debug|x86
		{D323F44A-A4C6-4EF1-97FA-3C10CD677A60}.Simulator|x86.Build.0 = Debug|x86
		{B7A93CCB-123F-4A52-A9E4-98C0E9DD2F0F}.AudioBoard|Any CPU.ActiveCfg = AudioBoard
		{B7A93CCB-123F-4A52-A9E4-98C0E9DD2F0F}.AudioBoard|Mixed Platforms.ActiveCfg = AudioBoard
		{B7A93CCB-123F-4A52-A9E4-98C0E9DD2F0F}.AudioBoard|x86.ActiveCfg = AudioBoard
		{B7A93CCB-123F-4A52-A9E4-98C0E9DD2F0F}.AudioBoard|x86.Build.0 = AudioBoard
		{B7A93CCB-123F-4A52-A9E4-98C0E9DD2F0F}.MainBoard|Any CPU.ActiveCfg = MainBoard
		{B7A93CCB-123F-4A52-A9E4-98C0E9DD2F0F}.MainBoard|Mixed Platforms.ActiveCfg = MainBoard
		{B7A93CCB-123F-4A52-A9E4-98C0E9DD2F0F}.MainBoard|Mixed Platforms.Build.0 = MainBoard
		{B7A93CCB-123F-4A52-A9E4-98C0E9DD2F0F}.MainBoard|x86.ActiveCfg = MainBoard
		{B7A93CCB-123F-4A52-A9E4-98C0E9DD2F0F}.MainBoard|x86.Build.0 = MainBoard
		{B7A93CCB-123F-4A52-A9E4-98C0E9DD2F0F}.Simulator|Any CPU.ActiveCfg = Release
		{B7A93CCB-123F-4A52-A9E4-98C0E9DD2F0F}.Simulator|Mixed Platforms.ActiveCfg = Release
		{B7A93CCB-123F-4A52-A9E4-98C0E9DD2F0F}.Simulator|x86.ActiveCfg = Release
		{D04EB422-BB14-4593-BBB1-D1A9D14D686C}.AudioBoard|Any CPU.ActiveCfg = AudioBoard|Any CPU
		{D04EB422-BB14-4593-BBB1-D1A9D14D686C}.AudioBoard|Any CPU.Build.0 = AudioBoard|Any CPU
		{D04EB422-BB14-4593-BBB1-D1A9D14D686C}.AudioBoard|Any CPU.Deploy.0 = AudioBoard|Any CPU
		{D04EB422-BB14-4593-BBB1-D1A9D14D686C}.AudioBoard|Mixed Platforms.ActiveCfg = AudioBoard|Any CPU
		{D04EB422-BB14-4593-BBB1-D1A9D14D686C}.AudioBoard|Mixed Platforms.Build.0 = AudioBoard|Any CPU
		{D04EB422-BB14-4593-BBB1-D1A9D14D686C}.AudioBoard|Mixed Platforms.Deploy.0 = AudioBoard|Any CPU
		{D04EB422-BB14-4593-BBB1-D1A9D14D686C}.AudioBoard|x86.ActiveCfg = AudioBoard|Any CPU
		{D04EB422-BB14-4593-BBB1-D1A9D14D686C}.MainBoard|Any CPU.ActiveCfg = MainBoard|Any CPU
		{D04EB422-BB14-4593-BBB1-D1A9D14D686C}.MainBoard|Any CPU.Build.0 = MainBoard|Any CPU
		{D04EB422-BB14-4593-BBB1-D1A9D14D686C}.MainBoard|Any CPU.Deploy.0 = MainBoard|Any CPU
		{D04EB422-BB14-4593-BBB1-D1A9D14D686C}.MainBoard|Mixed Platforms.ActiveCfg = MainBoard|Any CPU
		{D04EB422-BB14-4593-BBB1-D1A9D14D686C}.MainBoard|x86.ActiveCfg = MainBoard|Any CPU
		{D04EB422-BB14-4593-BBB1-D1A9D14D686C}.Simulator|Any CPU.ActiveCfg = Release|Any CPU
		{D04EB422-BB14-4593-BBB1-D1A9D14D686C}.Simulator|Any CPU.Build.0 = Release|Any CPU
		{D04EB422-BB14-4593-BBB1-D1A9D14D686C}.Simulator|Any CPU.Deploy.0 = Release|Any CPU
		{D04EB422-BB14-4593-BBB1-D1A9D14D686C}.Simulator|Mixed Platforms.ActiveCfg = Release|Any CPU
		{D04EB422-BB14-4593-BBB1-D1A9D14D686C}.Simulator|Mixed Platforms.Build.0 = Release|Any CPU
		{D04EB422-BB14-4593-BBB1-D1A9D14D686C}.Simulator|Mixed Platforms.Deploy.0 = Release|Any CPU
		{D04EB422-BB14-4593-BBB1-D1A9D14D686C}.Simulator|x86.ActiveCfg = Release|Any CPU
	EndGlobalSection
	GlobalSection(SolutionProperties) = preSolution
		HideSolutionNode = FALSE
	EndGlobalSection
EndGlobal
